
Microsoft Visual Studio Solution File, Format Version 12.00
# Visual Studio Version 17
VisualStudioVersion = 17.0.31919.166
MinimumVisualStudioVersion = 10.0.40219.1
Project("{9A19103F-16F7-4668-BE54-9A1E7A4F7556}") = "blazor-app", "blazor-app\blazor-app.csproj", "{A248C601-6553-4803-9BC7-6F8B75A7ECD0}"
EndProject
Project("{9A19103F-16F7-4668-BE54-9A1E7A4F7556}") = "blazor-app.xunit.unit-tests", "blazor-app.xunit.unit-tests\blazor-app.xunit.unit-tests.csproj", "{127D9429-C13F-45B9-903F-98C48957E6F1}"
EndProject
Project("{9A19103F-16F7-4668-BE54-9A1E7A4F7556}") = "blazor-app.playwright.e2e-tests", "blazor-app.playwright.e2e-tests\blazor-app.playwright.e2e-tests.csproj", "{9CC16259-66BF-47B0-87B9-C1466E893205}"
EndProject
Project("{FAE04EC0-301F-11D3-BF4B-00C04F79EFBC}") = "blazor-app.lib", "blazor-app.lib\blazor-app.lib.csproj", "{D62498B1-AD9A-44BF-8728-452F142B2548}"
EndProject
Global
	GlobalSection(SolutionConfigurationPlatforms) = preSolution
		Debug|Any CPU = Debug|Any CPU
		Release|Any CPU = Release|Any CPU
	EndGlobalSection
	GlobalSection(ProjectConfigurationPlatforms) = postSolution
		{A248C601-6553-4803-9BC7-6F8B75A7ECD0}.Debug|Any CPU.ActiveCfg = Debug|Any CPU
		{A248C601-6553-4803-9BC7-6F8B75A7ECD0}.Debug|Any CPU.Build.0 = Debug|Any CPU
		{A248C601-6553-4803-9BC7-6F8B75A7ECD0}.Release|Any CPU.ActiveCfg = Release|Any CPU
		{A248C601-6553-4803-9BC7-6F8B75A7ECD0}.Release|Any CPU.Build.0 = Release|Any CPU
		{127D9429-C13F-45B9-903F-98C48957E6F1}.Debug|Any CPU.ActiveCfg = Debug|Any CPU
		{127D9429-C13F-45B9-903F-98C48957E6F1}.Debug|Any CPU.Build.0 = Debug|Any CPU
		{127D9429-C13F-45B9-903F-98C48957E6F1}.Release|Any CPU.ActiveCfg = Release|Any CPU
		{127D9429-C13F-45B9-903F-98C48957E6F1}.Release|Any CPU.Build.0 = Release|Any CPU
		{9CC16259-66BF-47B0-87B9-C1466E893205}.Debug|Any CPU.ActiveCfg = Debug|Any CPU
		{9CC16259-66BF-47B0-87B9-C1466E893205}.Debug|Any CPU.Build.0 = Debug|Any CPU
		{9CC16259-66BF-47B0-87B9-C1466E893205}.Release|Any CPU.ActiveCfg = Release|Any CPU
		{9CC16259-66BF-47B0-87B9-C1466E893205}.Release|Any CPU.Build.0 = Release|Any CPU
		{D62498B1-AD9A-44BF-8728-452F142B2548}.Debug|Any CPU.ActiveCfg = Debug|Any CPU
		{D62498B1-AD9A-44BF-8728-452F142B2548}.Debug|Any CPU.Build.0 = Debug|Any CPU
		{D62498B1-AD9A-44BF-8728-452F142B2548}.Release|Any CPU.ActiveCfg = Release|Any CPU
		{D62498B1-AD9A-44BF-8728-452F142B2548}.Release|Any CPU.Build.0 = Release|Any CPU
	EndGlobalSection
	GlobalSection(SolutionProperties) = preSolution
		HideSolutionNode = FALSE
	EndGlobalSection
	GlobalSection(ExtensibilityGlobals) = postSolution
		SolutionGuid = {01D4E431-61F6-4858-8D6D-C4877E43A9E1}
	EndGlobalSection
EndGlobal
